
Microsoft Visual Studio Solution File, Format Version 11.00
# Visual Studio 2010
Project("{00D1A9C2-B5F0-4AF3-8072-F6C62B433612}") = "ApClrObjects", "ApClrObjects.sqlproj", "{B8BA57FA-7B8B-4A8D-8EDF-711BFFDD85BD}"
EndProject
Global
	GlobalSection(SolutionConfigurationPlatforms) = preSolution
		Debug|Any CPU = Debug|Any CPU
		Release|Any CPU = Release|Any CPU
	EndGlobalSection
	GlobalSection(ProjectConfigurationPlatforms) = postSolution
		{B8BA57FA-7B8B-4A8D-8EDF-711BFFDD85BD}.Debug|Any CPU.ActiveCfg = Debug|Any CPU
		{B8BA57FA-7B8B-4A8D-8EDF-711BFFDD85BD}.Debug|Any CPU.Build.0 = Debug|Any CPU
		{B8BA57FA-7B8B-4A8D-8EDF-711BFFDD85BD}.Debug|Any CPU.Deploy.0 = Debug|Any CPU
		{B8BA57FA-7B8B-4A8D-8EDF-711BFFDD85BD}.Release|Any CPU.ActiveCfg = Release|Any CPU
		{B8BA57FA-7B8B-4A8D-8EDF-711BFFDD85BD}.Release|Any CPU.Build.0 = Release|Any CPU
		{B8BA57FA-7B8B-4A8D-8EDF-711BFFDD85BD}.Release|Any CPU.Deploy.0 = Release|Any CPU
	EndGlobalSection
	GlobalSection(SolutionProperties) = preSolution
		HideSolutionNode = FALSE
	EndGlobalSection
EndGlobal
