
Microsoft Visual Studio Solution File, Format Version 11.00
# Visual Studio 2010
Project("{00D1A9C2-B5F0-4AF3-8072-F6C62B433612}") = "ApClrObjectsEx", "ApClrObjectsEx.sqlproj", "{E413443A-6C6B-44B3-99E3-9905FA22687E}"
EndProject
Global
	GlobalSection(SolutionConfigurationPlatforms) = preSolution
		Debug|Any CPU = Debug|Any CPU
		Release|Any CPU = Release|Any CPU
	EndGlobalSection
	GlobalSection(ProjectConfigurationPlatforms) = postSolution
		{E413443A-6C6B-44B3-99E3-9905FA22687E}.Debug|Any CPU.ActiveCfg = Debug|Any CPU
		{E413443A-6C6B-44B3-99E3-9905FA22687E}.Debug|Any CPU.Build.0 = Debug|Any CPU
		{E413443A-6C6B-44B3-99E3-9905FA22687E}.Debug|Any CPU.Deploy.0 = Debug|Any CPU
		{E413443A-6C6B-44B3-99E3-9905FA22687E}.Release|Any CPU.ActiveCfg = Release|Any CPU
		{E413443A-6C6B-44B3-99E3-9905FA22687E}.Release|Any CPU.Build.0 = Release|Any CPU
		{E413443A-6C6B-44B3-99E3-9905FA22687E}.Release|Any CPU.Deploy.0 = Release|Any CPU
	EndGlobalSection
	GlobalSection(SolutionProperties) = preSolution
		HideSolutionNode = FALSE
	EndGlobalSection
EndGlobal
